
Microsoft Visual Studio Solution File, Format Version 12.00
Project("{FAE04EC0-301F-11D3-BF4B-00C04F79EFBC}") = "Shopper", "Shopper\Shopper.csproj", "{46D1F681-BD63-4C3C-B67D-CA9C9525E8C4}"
EndProject
Project("{FAE04EC0-301F-11D3-BF4B-00C04F79EFBC}") = "ShopperAdmin", "ShopperAdmin\ShopperAdmin.csproj", "{1CE36A17-DB90-485B-923A-B85F45B557C4}"
EndProject
Project("{FAE04EC0-301F-11D3-BF4B-00C04F79EFBC}") = "Shared", "Shared\Shared.csproj", "{863F4960-6AC1-4D48-B953-3A02486A63E3}"
EndProject
Global
	GlobalSection(SolutionConfigurationPlatforms) = preSolution
		Debug|Any CPU = Debug|Any CPU
		Release|Any CPU = Release|Any CPU
	EndGlobalSection
	GlobalSection(ProjectConfigurationPlatforms) = postSolution
		{46D1F681-BD63-4C3C-B67D-CA9C9525E8C4}.Debug|Any CPU.ActiveCfg = Debug|Any CPU
		{46D1F681-BD63-4C3C-B67D-CA9C9525E8C4}.Debug|Any CPU.Build.0 = Debug|Any CPU
		{46D1F681-BD63-4C3C-B67D-CA9C9525E8C4}.Release|Any CPU.ActiveCfg = Release|Any CPU
		{46D1F681-BD63-4C3C-B67D-CA9C9525E8C4}.Release|Any CPU.Build.0 = Release|Any CPU
		{841588B3-40E8-431B-BA9E-C94A0AC78C94}.Debug|Any CPU.ActiveCfg = Debug|Any CPU
		{841588B3-40E8-431B-BA9E-C94A0AC78C94}.Debug|Any CPU.Build.0 = Debug|Any CPU
		{841588B3-40E8-431B-BA9E-C94A0AC78C94}.Release|Any CPU.ActiveCfg = Release|Any CPU
		{841588B3-40E8-431B-BA9E-C94A0AC78C94}.Release|Any CPU.Build.0 = Release|Any CPU
		{1CE36A17-DB90-485B-923A-B85F45B557C4}.Debug|Any CPU.ActiveCfg = Debug|Any CPU
		{1CE36A17-DB90-485B-923A-B85F45B557C4}.Debug|Any CPU.Build.0 = Debug|Any CPU
		{1CE36A17-DB90-485B-923A-B85F45B557C4}.Release|Any CPU.ActiveCfg = Release|Any CPU
		{1CE36A17-DB90-485B-923A-B85F45B557C4}.Release|Any CPU.Build.0 = Release|Any CPU
		{863F4960-6AC1-4D48-B953-3A02486A63E3}.Debug|Any CPU.ActiveCfg = Debug|Any CPU
		{863F4960-6AC1-4D48-B953-3A02486A63E3}.Debug|Any CPU.Build.0 = Debug|Any CPU
		{863F4960-6AC1-4D48-B953-3A02486A63E3}.Release|Any CPU.ActiveCfg = Release|Any CPU
		{863F4960-6AC1-4D48-B953-3A02486A63E3}.Release|Any CPU.Build.0 = Release|Any CPU
	EndGlobalSection
EndGlobal
